
Microsoft Visual Studio Solution File, Format Version 12.00
# Visual Studio Version 17
VisualStudioVersion = 17.6.33815.320
MinimumVisualStudioVersion = 10.0.40219.1
Project("{FAE04EC0-301F-11D3-BF4B-00C04F79EFBC}") = "CustomerRelationshipManagement.Server", "Server\CustomerRelationshipManagement.Server.csproj", "{78E08CB8-8D2A-4F92-8BDD-17F01726F71C}"
EndProject
Project("{FAE04EC0-301F-11D3-BF4B-00C04F79EFBC}") = "CustomerRelationshipManagement.Client", "Client\CustomerRelationshipManagement.Client.csproj", "{94669FCE-4E35-458C-BF45-8670BE09A709}"
EndProject
Project("{FAE04EC0-301F-11D3-BF4B-00C04F79EFBC}") = "CustomerRelationshipManagement.Shared", "Shared\CustomerRelationshipManagement.Shared.csproj", "{01B763A6-5B75-421E-8297-8A36758AEA2E}"
EndProject
Global
	GlobalSection(SolutionConfigurationPlatforms) = preSolution
		Debug|Any CPU = Debug|Any CPU
		Release|Any CPU = Release|Any CPU
	EndGlobalSection
	GlobalSection(ProjectConfigurationPlatforms) = postSolution
		{78E08CB8-8D2A-4F92-8BDD-17F01726F71C}.Debug|Any CPU.ActiveCfg = Debug|Any CPU
		{78E08CB8-8D2A-4F92-8BDD-17F01726F71C}.Debug|Any CPU.Build.0 = Debug|Any CPU
		{78E08CB8-8D2A-4F92-8BDD-17F01726F71C}.Release|Any CPU.ActiveCfg = Release|Any CPU
		{78E08CB8-8D2A-4F92-8BDD-17F01726F71C}.Release|Any CPU.Build.0 = Release|Any CPU
		{94669FCE-4E35-458C-BF45-8670BE09A709}.Debug|Any CPU.ActiveCfg = Debug|Any CPU
		{94669FCE-4E35-458C-BF45-8670BE09A709}.Debug|Any CPU.Build.0 = Debug|Any CPU
		{94669FCE-4E35-458C-BF45-8670BE09A709}.Release|Any CPU.ActiveCfg = Release|Any CPU
		{94669FCE-4E35-458C-BF45-8670BE09A709}.Release|Any CPU.Build.0 = Release|Any CPU
		{01B763A6-5B75-421E-8297-8A36758AEA2E}.Debug|Any CPU.ActiveCfg = Debug|Any CPU
		{01B763A6-5B75-421E-8297-8A36758AEA2E}.Debug|Any CPU.Build.0 = Debug|Any CPU
		{01B763A6-5B75-421E-8297-8A36758AEA2E}.Release|Any CPU.ActiveCfg = Release|Any CPU
		{01B763A6-5B75-421E-8297-8A36758AEA2E}.Release|Any CPU.Build.0 = Release|Any CPU
	EndGlobalSection
	GlobalSection(SolutionProperties) = preSolution
		HideSolutionNode = FALSE
	EndGlobalSection
	GlobalSection(ExtensibilityGlobals) = postSolution
		SolutionGuid = {90FD61A4-7F7D-4CF0-B78C-C0BE6D0DEF58}
	EndGlobalSection
EndGlobal
